// !$*UTF8*$!
{
	archiveVersion = 1;
	classes = {
	};
	objectVersion = 55;
	objects = {

/* Begin PBXBuildFile section */
		F13603B328E43AC300F7C1B3 /* AppDelegate.swift in Sources */ = {isa = PBXBuildFile; fileRef = F13603B228E43AC300F7C1B3 /* AppDelegate.swift */; };
		F13603B728E43AC300F7C1B3 /* ViewController.swift in Sources */ = {isa = PBXBuildFile; fileRef = F13603B628E43AC300F7C1B3 /* ViewController.swift */; };
		F13603BC28E43AC600F7C1B3 /* Assets.xcassets in Resources */ = {isa = PBXBuildFile; fileRef = F13603BB28E43AC600F7C1B3 /* Assets.xcassets */; };
		F13603BF28E43AC600F7C1B3 /* LaunchScreen.storyboard in Resources */ = {isa = PBXBuildFile; fileRef = F13603BD28E43AC600F7C1B3 /* LaunchScreen.storyboard */; };
		F13603CA28E4617000F7C1B3 /* JosefinSans-Bold.ttf in Resources */ = {isa = PBXBuildFile; fileRef = F13603C928E4617000F7C1B3 /* JosefinSans-Bold.ttf */; };
		F3A84EB60D379E7B8EAD9698 /* Pods_basic_OnboardingScreen.framework in Frameworks */ = {isa = PBXBuildFile; fileRef = E3B6F8E8074D36C7662123C6 /* Pods_basic_OnboardingScreen.framework */; };
/* End PBXBuildFile section */

/* Begin PBXFileReference section */
		99533BF52D968BA83409735B /* Pods-basic-OnboardingScreen.debug.xcconfig */ = {isa = PBXFileReference; includeInIndex = 1; lastKnownFileType = text.xcconfig; name = "Pods-basic-OnboardingScreen.debug.xcconfig"; path = "Target Support Files/Pods-basic-OnboardingScreen/Pods-basic-OnboardingScreen.debug.xcconfig"; sourceTree = "<group>"; };
		E3B6F8E8074D36C7662123C6 /* Pods_basic_OnboardingScreen.framework */ = {isa = PBXFileReference; explicitFileType = wrapper.framework; includeInIndex = 0; path = Pods_basic_OnboardingScreen.framework; sourceTree = BUILT_PRODUCTS_DIR; };
		F13603AF28E43AC300F7C1B3 /* basic-OnboardingScreen.app */ = {isa = PBXFileReference; explicitFileType = wrapper.application; includeInIndex = 0; path = "basic-OnboardingScreen.app"; sourceTree = BUILT_PRODUCTS_DIR; };
		F13603B228E43AC300F7C1B3 /* AppDelegate.swift */ = {isa = PBXFileReference; lastKnownFileType = sourcecode.swift; path = AppDelegate.swift; sourceTree = "<group>"; };
		F13603B628E43AC300F7C1B3 /* ViewController.swift */ = {isa = PBXFileReference; lastKnownFileType = sourcecode.swift; path = ViewController.swift; sourceTree = "<group>"; };
		F13603BB28E43AC600F7C1B3 /* Assets.xcassets */ = {isa = PBXFileReference; lastKnownFileType = folder.assetcatalog; path = Assets.xcassets; sourceTree = "<group>"; };
		F13603BE28E43AC600F7C1B3 /* Base */ = {isa = PBXFileReference; lastKnownFileType = file.storyboard; name = Base; path = Base.lproj/LaunchScreen.storyboard; sourceTree = "<group>"; };
		F13603C028E43AC600F7C1B3 /* Info.plist */ = {isa = PBXFileReference; lastKnownFileType = text.plist.xml; path = Info.plist; sourceTree = "<group>"; };
		F13603C928E4617000F7C1B3 /* JosefinSans-Bold.ttf */ = {isa = PBXFileReference; lastKnownFileType = file; path = "JosefinSans-Bold.ttf"; sourceTree = "<group>"; };
		F433FA53D2DC54C02C6993FB /* Pods-basic-OnboardingScreen.release.xcconfig */ = {isa = PBXFileReference; includeInIndex = 1; lastKnownFileType = text.xcconfig; name = "Pods-basic-OnboardingScreen.release.xcconfig"; path = "Target Support Files/Pods-basic-OnboardingScreen/Pods-basic-OnboardingScreen.release.xcconfig"; sourceTree = "<group>"; };
/* End PBXFileReference section */

/* Begin PBXFrameworksBuildPhase section */
		F13603AC28E43AC300F7C1B3 /* Frameworks */ = {
			isa = PBXFrameworksBuildPhase;
			buildActionMask = 2147483647;
			files = (
				F3A84EB60D379E7B8EAD9698 /* Pods_basic_OnboardingScreen.framework in Frameworks */,
			);
			runOnlyForDeploymentPostprocessing = 0;
		};
/* End PBXFrameworksBuildPhase section */

/* Begin PBXGroup section */
		2A009DA200D051D05500A534 /* Pods */ = {
			isa = PBXGroup;
			children = (
				99533BF52D968BA83409735B /* Pods-basic-OnboardingScreen.debug.xcconfig */,
				F433FA53D2DC54C02C6993FB /* Pods-basic-OnboardingScreen.release.xcconfig */,
			);
			name = Pods;
			path = Pods;
			sourceTree = "<group>";
		};
		F13603A628E43AC300F7C1B3 = {
			isa = PBXGroup;
			children = (
				F13603B128E43AC300F7C1B3 /* basic-OnboardingScreen */,
				F13603B028E43AC300F7C1B3 /* Products */,
				2A009DA200D051D05500A534 /* Pods */,
				FA99202334F2A2FC00E7757D /* Frameworks */,
			);
			sourceTree = "<group>";
		};
		F13603B028E43AC300F7C1B3 /* Products */ = {
			isa = PBXGroup;
			children = (
				F13603AF28E43AC300F7C1B3 /* basic-OnboardingScreen.app */,
			);
			name = Products;
			sourceTree = "<group>";
		};
		F13603B128E43AC300F7C1B3 /* basic-OnboardingScreen */ = {
			isa = PBXGroup;
			children = (
				F13603B228E43AC300F7C1B3 /* AppDelegate.swift */,
				F13603B628E43AC300F7C1B3 /* ViewController.swift */,
				F13603BB28E43AC600F7C1B3 /* Assets.xcassets */,
				F13603BD28E43AC600F7C1B3 /* LaunchScreen.storyboard */,
				F13603C028E43AC600F7C1B3 /* Info.plist */,
				F13603C628E45BF200F7C1B3 /* Fonts */,
			);
			path = "basic-OnboardingScreen";
			sourceTree = "<group>";
		};
		F13603C628E45BF200F7C1B3 /* Fonts */ = {
			isa = PBXGroup;
			children = (
				F13603C928E4617000F7C1B3 /* JosefinSans-Bold.ttf */,
			);
			path = Fonts;
			sourceTree = "<group>";
		};
		FA99202334F2A2FC00E7757D /* Frameworks */ = {
			isa = PBXGroup;
			children = (
				E3B6F8E8074D36C7662123C6 /* Pods_basic_OnboardingScreen.framework */,
			);
			name = Frameworks;
			sourceTree = "<group>";
		};
/* End PBXGroup section */

/* Begin PBXNativeTarget section */
		F13603AE28E43AC300F7C1B3 /* basic-OnboardingScreen */ = {
			isa = PBXNativeTarget;
			buildConfigurationList = F13603C328E43AC600F7C1B3 /* Build configuration list for PBXNativeTarget "basic-OnboardingScreen" */;
			buildPhases = (
				4C6C5E35400B54CA4DCEAC1B /* [CP] Check Pods Manifest.lock */,
				F13603AB28E43AC300F7C1B3 /* Sources */,
				F13603AC28E43AC300F7C1B3 /* Frameworks */,
				F13603AD28E43AC300F7C1B3 /* Resources */,
				038D5040983D6B8000C5CD1E /* [CP] Embed Pods Frameworks */,
			);
			buildRules = (
			);
			dependencies = (
			);
			name = "basic-OnboardingScreen";
			productName = "basic-OnboardingScreen";
			productReference = F13603AF28E43AC300F7C1B3 /* basic-OnboardingScreen.app */;
			productType = "com.apple.product-type.application";
		};
/* End PBXNativeTarget section */

/* Begin PBXProject section */
		F13603A728E43AC300F7C1B3 /* Project object */ = {
			isa = PBXProject;
			attributes = {
				BuildIndependentTargetsInParallel = 1;
				LastSwiftUpdateCheck = 1340;
				LastUpgradeCheck = 1340;
				TargetAttributes = {
					F13603AE28E43AC300F7C1B3 = {
						CreatedOnToolsVersion = 13.4.1;
					};
				};
			};
			buildConfigurationList = F13603AA28E43AC300F7C1B3 /* Build configuration list for PBXProject "basic-OnboardingScreen" */;
			compatibilityVersion = "Xcode 13.0";
			developmentRegion = en;
			hasScannedForEncodings = 0;
			knownRegions = (
				en,
				Base,
			);
			mainGroup = F13603A628E43AC300F7C1B3;
			productRefGroup = F13603B028E43AC300F7C1B3 /* Products */;
			projectDirPath = "";
			projectRoot = "";
			targets = (
				F13603AE28E43AC300F7C1B3 /* basic-OnboardingScreen */,
			);
		};
/* End PBXProject section */

/* Begin PBXResourcesBuildPhase section */
		F13603AD28E43AC300F7C1B3 /* Resources */ = {
			isa = PBXResourcesBuildPhase;
			buildActionMask = 2147483647;
			files = (
				F13603BF28E43AC600F7C1B3 /* LaunchScreen.storyboard in Resources */,
				F13603CA28E4617000F7C1B3 /* JosefinSans-Bold.ttf in Resources */,
				F13603BC28E43AC600F7C1B3 /* Assets.xcassets in Resources */,
			);
			runOnlyForDeploymentPostprocessing = 0;
		};
/* End PBXResourcesBuildPhase section */

/* Begin PBXShellScriptBuildPhase section */
		038D5040983D6B8000C5CD1E /* [CP] Embed Pods Frameworks */ = {
			isa = PBXShellScriptBuildPhase;
			buildActionMask = 2147483647;
			files = (
			);
			inputFileListPaths = (
				"${PODS_ROOT}/Target Support Files/Pods-basic-OnboardingScreen/Pods-basic-OnboardingScreen-frameworks-${CONFIGURATION}-input-files.xcfilelist",
			);
			name = "[CP] Embed Pods Frameworks";
			outputFileListPaths = (
				"${PODS_ROOT}/Target Support Files/Pods-basic-OnboardingScreen/Pods-basic-OnboardingScreen-frameworks-${CONFIGURATION}-output-files.xcfilelist",
			);
			runOnlyForDeploymentPostprocessing = 0;
			shellPath = /bin/sh;
			shellScript = "\"${PODS_ROOT}/Target Support Files/Pods-basic-OnboardingScreen/Pods-basic-OnboardingScreen-frameworks.sh\"\n";
			showEnvVarsInLog = 0;
		};
		4C6C5E35400B54CA4DCEAC1B /* [CP] Check Pods Manifest.lock */ = {
			isa = PBXShellScriptBuildPhase;
			buildActionMask = 2147483647;
			files = (
			);
			inputFileListPaths = (
			);
			inputPaths = (
				"${PODS_PODFILE_DIR_PATH}/Podfile.lock",
				"${PODS_ROOT}/Manifest.lock",
			);
			name = "[CP] Check Pods Manifest.lock";
			outputFileListPaths = (
			);
			outputPaths = (
				"$(DERIVED_FILE_DIR)/Pods-basic-OnboardingScreen-checkManifestLockResult.txt",
			);
			runOnlyForDeploymentPostprocessing = 0;
			shellPath = /bin/sh;
			shellScript = "diff \"${PODS_PODFILE_DIR_PATH}/Podfile.lock\" \"${PODS_ROOT}/Manifest.lock\" > /dev/null\nif [ $? != 0 ] ; then\n    # print error to STDERR\n    echo \"error: The sandbox is not in sync with the Podfile.lock. Run 'pod install' or update your CocoaPods installation.\" >&2\n    exit 1\nfi\n# This output is used by Xcode 'outputs' to avoid re-running this script phase.\necho \"SUCCESS\" > \"${SCRIPT_OUTPUT_FILE_0}\"\n";
			showEnvVarsInLog = 0;
		};
/* End PBXShellScriptBuildPhase section */

/* Begin PBXSourcesBuildPhase section */
		F13603AB28E43AC300F7C1B3 /* Sources */ = {
			isa = PBXSourcesBuildPhase;
			buildActionMask = 2147483647;
			files = (
				F13603B728E43AC300F7C1B3 /* ViewController.swift in Sources */,
				F13603B328E43AC300F7C1B3 /* AppDelegate.swift in Sources */,
			);
			runOnlyForDeploymentPostprocessing = 0;
		};
/* End PBXSourcesBuildPhase section */

/* Begin PBXVariantGroup section */
		F13603BD28E43AC600F7C1B3 /* LaunchScreen.storyboard */ = {
			isa = PBXVariantGroup;
			children = (
				F13603BE28E43AC600F7C1B3 /* Base */,
			);
			name = LaunchScreen.storyboard;
			sourceTree = "<group>";
		};
/* End PBXVariantGroup section */

/* Begin XCBuildConfiguration section */
		F13603C128E43AC600F7C1B3 /* Debug */ = {
			isa = XCBuildConfiguration;
			buildSettings = {
				ALWAYS_SEARCH_USER_PATHS = NO;
				CLANG_ANALYZER_NONNULL = YES;
				CLANG_ANALYZER_NUMBER_OBJECT_CONVERSION = YES_AGGRESSIVE;
				CLANG_CXX_LANGUAGE_STANDARD = "gnu++17";
				CLANG_ENABLE_MODULES = YES;
				CLANG_ENABLE_OBJC_ARC = YES;
				CLANG_ENABLE_OBJC_WEAK = YES;
				CLANG_WARN_BLOCK_CAPTURE_AUTORELEASING = YES;
				CLANG_WARN_BOOL_CONVERSION = YES;
				CLANG_WARN_COMMA = YES;
				CLANG_WARN_CONSTANT_CONVERSION = YES;
				CLANG_WARN_DEPRECATED_OBJC_IMPLEMENTATIONS = YES;
				CLANG_WARN_DIRECT_OBJC_ISA_USAGE = YES_ERROR;
				CLANG_WARN_DOCUMENTATION_COMMENTS = YES;
				CLANG_WARN_EMPTY_BODY = YES;
				CLANG_WARN_ENUM_CONVERSION = YES;
				CLANG_WARN_INFINITE_RECURSION = YES;
				CLANG_WARN_INT_CONVERSION = YES;
				CLANG_WARN_NON_LITERAL_NULL_CONVERSION = YES;
				CLANG_WARN_OBJC_IMPLICIT_RETAIN_SELF = YES;
				CLANG_WARN_OBJC_LITERAL_CONVERSION = YES;
				CLANG_WARN_OBJC_ROOT_CLASS = YES_ERROR;
				CLANG_WARN_QUOTED_INCLUDE_IN_FRAMEWORK_HEADER = YES;
				CLANG_WARN_RANGE_LOOP_ANALYSIS = YES;
				CLANG_WARN_STRICT_PROTOTYPES = YES;
				CLANG_WARN_SUSPICIOUS_MOVE = YES;
				CLANG_WARN_UNGUARDED_AVAILABILITY = YES_AGGRESSIVE;
				CLANG_WARN_UNREACHABLE_CODE = YES;
				CLANG_WARN__DUPLICATE_METHOD_MATCH = YES;
				COPY_PHASE_STRIP = NO;
				DEBUG_INFORMATION_FORMAT = dwarf;
				ENABLE_STRICT_OBJC_MSGSEND = YES;
				ENABLE_TESTABILITY = YES;
				GCC_C_LANGUAGE_STANDARD = gnu11;
				GCC_DYNAMIC_NO_PIC = NO;
				GCC_NO_COMMON_BLOCKS = YES;
				GCC_OPTIMIZATION_LEVEL = 0;
				GCC_PREPROCESSOR_DEFINITIONS = (
					"DEBUG=1",
					"$(inherited)",
				);
				GCC_WARN_64_TO_32_BIT_CONVERSION = YES;
				GCC_WARN_ABOUT_RETURN_TYPE = YES_ERROR;
				GCC_WARN_UNDECLARED_SELECTOR = YES;
				GCC_WARN_UNINITIALIZED_AUTOS = YES_AGGRESSIVE;
				GCC_WARN_UNUSED_FUNCTION = YES;
				GCC_WARN_UNUSED_VARIABLE = YES;
				IPHONEOS_DEPLOYMENT_TARGET = 15.5;
				MTL_ENABLE_DEBUG_INFO = INCLUDE_SOURCE;
				MTL_FAST_MATH = YES;
				ONLY_ACTIVE_ARCH = YES;
				SDKROOT = iphoneos;
				SWIFT_ACTIVE_COMPILATION_CONDITIONS = DEBUG;
				SWIFT_OPTIMIZATION_LEVEL = "-Onone";
			};
			name = Debug;
		};
		F13603C228E43AC600F7C1B3 /* Release */ = {
			isa = XCBuildConfiguration;
			buildSettings = {
				ALWAYS_SEARCH_USER_PATHS = NO;
				CLANG_ANALYZER_NONNULL = YES;
				CLANG_ANALYZER_NUMBER_OBJECT_CONVERSION = YES_AGGRESSIVE;
				CLANG_CXX_LANGUAGE_STANDARD = "gnu++17";
				CLANG_ENABLE_MODULES = YES;
				CLANG_ENABLE_OBJC_ARC = YES;
				CLANG_ENABLE_OBJC_WEAK = YES;
				CLANG_WARN_BLOCK_CAPTURE_AUTORELEASING = YES;
				CLANG_WARN_BOOL_CONVERSION = YES;
				CLANG_WARN_COMMA = YES;
				CLANG_WARN_CONSTANT_CONVERSION = YES;
				CLANG_WARN_DEPRECATED_OBJC_IMPLEMENTATIONS = YES;
				CLANG_WARN_DIRECT_OBJC_ISA_USAGE = YES_ERROR;
				CLANG_WARN_DOCUMENTATION_COMMENTS = YES;
				CLANG_WARN_EMPTY_BODY = YES;
				CLANG_WARN_ENUM_CONVERSION = YES;
				CLANG_WARN_INFINITE_RECURSION = YES;
				CLANG_WARN_INT_CONVERSION = YES;
				CLANG_WARN_NON_LITERAL_NULL_CONVERSION = YES;
				CLANG_WARN_OBJC_IMPLICIT_RETAIN_SELF = YES;
				CLANG_WARN_OBJC_LITERAL_CONVERSION = YES;
				CLANG_WARN_OBJC_ROOT_CLASS = YES_ERROR;
				CLANG_WARN_QUOTED_INCLUDE_IN_FRAMEWORK_HEADER = YES;
				CLANG_WARN_RANGE_LOOP_ANALYSIS = YES;
				CLANG_WARN_STRICT_PROTOTYPES = YES;
				CLANG_WARN_SUSPICIOUS_MOVE = YES;
				CLANG_WARN_UNGUARDED_AVAILABILITY = YES_AGGRESSIVE;
				CLANG_WARN_UNREACHABLE_CODE = YES;
				CLANG_WARN__DUPLICATE_METHOD_MATCH = YES;
				COPY_PHASE_STRIP = NO;
				DEBUG_INFORMATION_FORMAT = "dwarf-with-dsym";
				ENABLE_NS_ASSERTIONS = NO;
				ENABLE_STRICT_OBJC_MSGSEND = YES;
				GCC_C_LANGUAGE_STANDARD = gnu11;
				GCC_NO_COMMON_BLOCKS = YES;
				GCC_WARN_64_TO_32_BIT_CONVERSION = YES;
				GCC_WARN_ABOUT_RETURN_TYPE = YES_ERROR;
				GCC_WARN_UNDECLARED_SELECTOR = YES;
				GCC_WARN_UNINITIALIZED_AUTOS = YES_AGGRESSIVE;
				GCC_WARN_UNUSED_FUNCTION = YES;
				GCC_WARN_UNUSED_VARIABLE = YES;
				IPHONEOS_DEPLOYMENT_TARGET = 15.5;
				MTL_ENABLE_DEBUG_INFO = NO;
				MTL_FAST_MATH = YES;
				SDKROOT = iphoneos;
				SWIFT_COMPILATION_MODE = wholemodule;
				SWIFT_OPTIMIZATION_LEVEL = "-O";
				VALIDATE_PRODUCT = YES;
			};
			name = Release;
		};
		F13603C428E43AC600F7C1B3 /* Debug */ = {
			isa = XCBuildConfiguration;
			baseConfigurationReference = 99533BF52D968BA83409735B /* Pods-basic-OnboardingScreen.debug.xcconfig */;
			buildSettings = {
				ASSETCATALOG_COMPILER_APPICON_NAME = AppIcon;
				ASSETCATALOG_COMPILER_GLOBAL_ACCENT_COLOR_NAME = AccentColor;
				CODE_SIGN_STYLE = Automatic;
				CURRENT_PROJECT_VERSION = 1;
				GENERATE_INFOPLIST_FILE = YES;
				INFOPLIST_FILE = "basic-OnboardingScreen/Info.plist";
				INFOPLIST_KEY_UIApplicationSupportsIndirectInputEvents = YES;
				INFOPLIST_KEY_UILaunchStoryboardName = LaunchScreen;
				INFOPLIST_KEY_UISupportedInterfaceOrientations_iPad = "UIInterfaceOrientationPortrait UIInterfaceOrientationPortraitUpsideDown UIInterfaceOrientationLandscapeLeft UIInterfaceOrientationLandscapeRight";
				INFOPLIST_KEY_UISupportedInterfaceOrientations_iPhone = "UIInterfaceOrientationPortrait UIInterfaceOrientationLandscapeLeft UIInterfaceOrientationLandscapeRight";
				LD_RUNPATH_SEARCH_PATHS = (
					"$(inherited)",
					"@executable_path/Frameworks",
				);
				MARKETING_VERSION = 1.0;
				PRODUCT_BUNDLE_IDENTIFIER = "com.burakertas.basic-OnboardingScreen";
				PRODUCT_NAME = "$(TARGET_NAME)";
				SWIFT_EMIT_LOC_STRINGS = YES;
				SWIFT_VERSION = 5.0;
				TARGETED_DEVICE_FAMILY = "1,2";
			};
			name = Debug;
		};
		F13603C528E43AC600F7C1B3 /* Release */ = {
			isa = XCBuildConfiguration;
			baseConfigurationReference = F433FA53D2DC54C02C6993FB /* Pods-basic-OnboardingScreen.release.xcconfig */;
			buildSettings = {
				ASSETCATALOG_COMPILER_APPICON_NAME = AppIcon;
				ASSETCATALOG_COMPILER_GLOBAL_ACCENT_COLOR_NAME = AccentColor;
				CODE_SIGN_STYLE = Automatic;
				CURRENT_PROJECT_VERSION = 1;
				GENERATE_INFOPLIST_FILE = YES;
				INFOPLIST_FILE = "basic-OnboardingScreen/Info.plist";
				INFOPLIST_KEY_UIApplicationSupportsIndirectInputEvents = YES;
				INFOPLIST_KEY_UILaunchStoryboardName = LaunchScreen;
				INFOPLIST_KEY_UISupportedInterfaceOrientations_iPad = "UIInterfaceOrientationPortrait UIInterfaceOrientationPortraitUpsideDown UIInterfaceOrientationLandscapeLeft UIInterfaceOrientationLandscapeRight";
				INFOPLIST_KEY_UISupportedInterfaceOrientations_iPhone = "UIInterfaceOrientationPortrait UIInterfaceOrientationLandscapeLeft UIInterfaceOrientationLandscapeRight";
				LD_RUNPATH_SEARCH_PATHS = (
					"$(inherited)",
					"@executable_path/Frameworks",
				);
				MARKETING_VERSION = 1.0;
				PRODUCT_BUNDLE_IDENTIFIER = "com.burakertas.basic-OnboardingScreen";
				PRODUCT_NAME = "$(TARGET_NAME)";
				SWIFT_EMIT_LOC_STRINGS = YES;
				SWIFT_VERSION = 5.0;
				TARGETED_DEVICE_FAMILY = "1,2";
			};
			name = Release;
		};
/* End XCBuildConfiguration section */

/* Begin XCConfigurationList section */
		F13603AA28E43AC300F7C1B3 /* Build configuration list for PBXProject "basic-OnboardingScreen" */ = {
			isa = XCConfigurationList;
			buildConfigurations = (
				F13603C128E43AC600F7C1B3 /* Debug */,
				F13603C228E43AC600F7C1B3 /* Release */,
			);
			defaultConfigurationIsVisible = 0;
			defaultConfigurationName = Release;
		};
		F13603C328E43AC600F7C1B3 /* Build configuration list for PBXNativeTarget "basic-OnboardingScreen" */ = {
			isa = XCConfigurationList;
			buildConfigurations = (
				F13603C428E43AC600F7C1B3 /* Debug */,
				F13603C528E43AC600F7C1B3 /* Release */,
			);
			defaultConfigurationIsVisible = 0;
			defaultConfigurationName = Release;
		};
/* End XCConfigurationList section */
	};
	rootObject = F13603A728E43AC300F7C1B3 /* Project object */;
}
