// !$*UTF8*$!
{
	archiveVersion = 1;
	classes = {
	};
	objectVersion = 55;
	objects = {

/* Begin PBXBuildFile section */
		F1538CE228F5529B00DF85F5 /* AppDelegate.swift in Sources */ = {isa = PBXBuildFile; fileRef = F1538CE128F5529B00DF85F5 /* AppDelegate.swift */; };
		F1538CE628F5529B00DF85F5 /* MainScreen.swift in Sources */ = {isa = PBXBuildFile; fileRef = F1538CE528F5529B00DF85F5 /* MainScreen.swift */; };
		F1538CEB28F5529E00DF85F5 /* Assets.xcassets in Resources */ = {isa = PBXBuildFile; fileRef = F1538CEA28F5529E00DF85F5 /* Assets.xcassets */; };
		F1538CEE28F5529E00DF85F5 /* LaunchScreen.storyboard in Resources */ = {isa = PBXBuildFile; fileRef = F1538CEC28F5529E00DF85F5 /* LaunchScreen.storyboard */; };
		F1538CF628F555A500DF85F5 /* TabBar.swift in Sources */ = {isa = PBXBuildFile; fileRef = F1538CF528F555A500DF85F5 /* TabBar.swift */; };
		F1538CF828F557DD00DF85F5 /* MainScreenModel.swift in Sources */ = {isa = PBXBuildFile; fileRef = F1538CF728F557DD00DF85F5 /* MainScreenModel.swift */; };
		F1538D2028F5E9B900DF85F5 /* HorizontalCell.swift in Sources */ = {isa = PBXBuildFile; fileRef = F1538D1F28F5E9B900DF85F5 /* HorizontalCell.swift */; };
		F1538D2228F5E9C400DF85F5 /* VerticalCell.swift in Sources */ = {isa = PBXBuildFile; fileRef = F1538D2128F5E9C400DF85F5 /* VerticalCell.swift */; };
/* End PBXBuildFile section */

/* Begin PBXFileReference section */
		F1538CDE28F5529B00DF85F5 /* Vatan-MainScreen-UI.app */ = {isa = PBXFileReference; explicitFileType = wrapper.application; includeInIndex = 0; path = "Vatan-MainScreen-UI.app"; sourceTree = BUILT_PRODUCTS_DIR; };
		F1538CE128F5529B00DF85F5 /* AppDelegate.swift */ = {isa = PBXFileReference; lastKnownFileType = sourcecode.swift; path = AppDelegate.swift; sourceTree = "<group>"; };
		F1538CE528F5529B00DF85F5 /* MainScreen.swift */ = {isa = PBXFileReference; lastKnownFileType = sourcecode.swift; path = MainScreen.swift; sourceTree = "<group>"; };
		F1538CEA28F5529E00DF85F5 /* Assets.xcassets */ = {isa = PBXFileReference; lastKnownFileType = folder.assetcatalog; path = Assets.xcassets; sourceTree = "<group>"; };
		F1538CED28F5529E00DF85F5 /* Base */ = {isa = PBXFileReference; lastKnownFileType = file.storyboard; name = Base; path = Base.lproj/LaunchScreen.storyboard; sourceTree = "<group>"; };
		F1538CEF28F5529E00DF85F5 /* Info.plist */ = {isa = PBXFileReference; lastKnownFileType = text.plist.xml; path = Info.plist; sourceTree = "<group>"; };
		F1538CF528F555A500DF85F5 /* TabBar.swift */ = {isa = PBXFileReference; lastKnownFileType = sourcecode.swift; path = TabBar.swift; sourceTree = "<group>"; };
		F1538CF728F557DD00DF85F5 /* MainScreenModel.swift */ = {isa = PBXFileReference; lastKnownFileType = sourcecode.swift; path = MainScreenModel.swift; sourceTree = "<group>"; };
		F1538D1F28F5E9B900DF85F5 /* HorizontalCell.swift */ = {isa = PBXFileReference; lastKnownFileType = sourcecode.swift; path = HorizontalCell.swift; sourceTree = "<group>"; };
		F1538D2128F5E9C400DF85F5 /* VerticalCell.swift */ = {isa = PBXFileReference; lastKnownFileType = sourcecode.swift; path = VerticalCell.swift; sourceTree = "<group>"; };
/* End PBXFileReference section */

/* Begin PBXFrameworksBuildPhase section */
		F1538CDB28F5529B00DF85F5 /* Frameworks */ = {
			isa = PBXFrameworksBuildPhase;
			buildActionMask = 2147483647;
			files = (
			);
			runOnlyForDeploymentPostprocessing = 0;
		};
/* End PBXFrameworksBuildPhase section */

/* Begin PBXGroup section */
		F1538CD528F5529B00DF85F5 = {
			isa = PBXGroup;
			children = (
				F1538CE028F5529B00DF85F5 /* Vatan-MainScreen-UI */,
				F1538CDF28F5529B00DF85F5 /* Products */,
			);
			sourceTree = "<group>";
		};
		F1538CDF28F5529B00DF85F5 /* Products */ = {
			isa = PBXGroup;
			children = (
				F1538CDE28F5529B00DF85F5 /* Vatan-MainScreen-UI.app */,
			);
			name = Products;
			sourceTree = "<group>";
		};
		F1538CE028F5529B00DF85F5 /* Vatan-MainScreen-UI */ = {
			isa = PBXGroup;
			children = (
				F1538CE128F5529B00DF85F5 /* AppDelegate.swift */,
				F1538CF528F555A500DF85F5 /* TabBar.swift */,
				F1538CE528F5529B00DF85F5 /* MainScreen.swift */,
				F1538CF728F557DD00DF85F5 /* MainScreenModel.swift */,
				F1538D1F28F5E9B900DF85F5 /* HorizontalCell.swift */,
				F1538D2128F5E9C400DF85F5 /* VerticalCell.swift */,
				F1538CEA28F5529E00DF85F5 /* Assets.xcassets */,
				F1538CEC28F5529E00DF85F5 /* LaunchScreen.storyboard */,
				F1538CEF28F5529E00DF85F5 /* Info.plist */,
			);
			path = "Vatan-MainScreen-UI";
			sourceTree = "<group>";
		};
/* End PBXGroup section */

/* Begin PBXNativeTarget section */
		F1538CDD28F5529B00DF85F5 /* Vatan-MainScreen-UI */ = {
			isa = PBXNativeTarget;
			buildConfigurationList = F1538CF228F5529E00DF85F5 /* Build configuration list for PBXNativeTarget "Vatan-MainScreen-UI" */;
			buildPhases = (
				F1538CDA28F5529B00DF85F5 /* Sources */,
				F1538CDB28F5529B00DF85F5 /* Frameworks */,
				F1538CDC28F5529B00DF85F5 /* Resources */,
			);
			buildRules = (
			);
			dependencies = (
			);
			name = "Vatan-MainScreen-UI";
			productName = "Vatan-MainScreen-UI";
			productReference = F1538CDE28F5529B00DF85F5 /* Vatan-MainScreen-UI.app */;
			productType = "com.apple.product-type.application";
		};
/* End PBXNativeTarget section */

/* Begin PBXProject section */
		F1538CD628F5529B00DF85F5 /* Project object */ = {
			isa = PBXProject;
			attributes = {
				BuildIndependentTargetsInParallel = 1;
				LastSwiftUpdateCheck = 1340;
				LastUpgradeCheck = 1340;
				TargetAttributes = {
					F1538CDD28F5529B00DF85F5 = {
						CreatedOnToolsVersion = 13.4.1;
					};
				};
			};
			buildConfigurationList = F1538CD928F5529B00DF85F5 /* Build configuration list for PBXProject "Vatan-MainScreen-UI" */;
			compatibilityVersion = "Xcode 13.0";
			developmentRegion = en;
			hasScannedForEncodings = 0;
			knownRegions = (
				en,
				Base,
			);
			mainGroup = F1538CD528F5529B00DF85F5;
			productRefGroup = F1538CDF28F5529B00DF85F5 /* Products */;
			projectDirPath = "";
			projectRoot = "";
			targets = (
				F1538CDD28F5529B00DF85F5 /* Vatan-MainScreen-UI */,
			);
		};
/* End PBXProject section */

/* Begin PBXResourcesBuildPhase section */
		F1538CDC28F5529B00DF85F5 /* Resources */ = {
			isa = PBXResourcesBuildPhase;
			buildActionMask = 2147483647;
			files = (
				F1538CEE28F5529E00DF85F5 /* LaunchScreen.storyboard in Resources */,
				F1538CEB28F5529E00DF85F5 /* Assets.xcassets in Resources */,
			);
			runOnlyForDeploymentPostprocessing = 0;
		};
/* End PBXResourcesBuildPhase section */

/* Begin PBXSourcesBuildPhase section */
		F1538CDA28F5529B00DF85F5 /* Sources */ = {
			isa = PBXSourcesBuildPhase;
			buildActionMask = 2147483647;
			files = (
				F1538D2028F5E9B900DF85F5 /* HorizontalCell.swift in Sources */,
				F1538CF628F555A500DF85F5 /* TabBar.swift in Sources */,
				F1538CE628F5529B00DF85F5 /* MainScreen.swift in Sources */,
				F1538D2228F5E9C400DF85F5 /* VerticalCell.swift in Sources */,
				F1538CF828F557DD00DF85F5 /* MainScreenModel.swift in Sources */,
				F1538CE228F5529B00DF85F5 /* AppDelegate.swift in Sources */,
			);
			runOnlyForDeploymentPostprocessing = 0;
		};
/* End PBXSourcesBuildPhase section */

/* Begin PBXVariantGroup section */
		F1538CEC28F5529E00DF85F5 /* LaunchScreen.storyboard */ = {
			isa = PBXVariantGroup;
			children = (
				F1538CED28F5529E00DF85F5 /* Base */,
			);
			name = LaunchScreen.storyboard;
			sourceTree = "<group>";
		};
/* End PBXVariantGroup section */

/* Begin XCBuildConfiguration section */
		F1538CF028F5529E00DF85F5 /* Debug */ = {
			isa = XCBuildConfiguration;
			buildSettings = {
				ALWAYS_SEARCH_USER_PATHS = NO;
				CLANG_ANALYZER_NONNULL = YES;
				CLANG_ANALYZER_NUMBER_OBJECT_CONVERSION = YES_AGGRESSIVE;
				CLANG_CXX_LANGUAGE_STANDARD = "gnu++17";
				CLANG_ENABLE_MODULES = YES;
				CLANG_ENABLE_OBJC_ARC = YES;
				CLANG_ENABLE_OBJC_WEAK = YES;
				CLANG_WARN_BLOCK_CAPTURE_AUTORELEASING = YES;
				CLANG_WARN_BOOL_CONVERSION = YES;
				CLANG_WARN_COMMA = YES;
				CLANG_WARN_CONSTANT_CONVERSION = YES;
				CLANG_WARN_DEPRECATED_OBJC_IMPLEMENTATIONS = YES;
				CLANG_WARN_DIRECT_OBJC_ISA_USAGE = YES_ERROR;
				CLANG_WARN_DOCUMENTATION_COMMENTS = YES;
				CLANG_WARN_EMPTY_BODY = YES;
				CLANG_WARN_ENUM_CONVERSION = YES;
				CLANG_WARN_INFINITE_RECURSION = YES;
				CLANG_WARN_INT_CONVERSION = YES;
				CLANG_WARN_NON_LITERAL_NULL_CONVERSION = YES;
				CLANG_WARN_OBJC_IMPLICIT_RETAIN_SELF = YES;
				CLANG_WARN_OBJC_LITERAL_CONVERSION = YES;
				CLANG_WARN_OBJC_ROOT_CLASS = YES_ERROR;
				CLANG_WARN_QUOTED_INCLUDE_IN_FRAMEWORK_HEADER = YES;
				CLANG_WARN_RANGE_LOOP_ANALYSIS = YES;
				CLANG_WARN_STRICT_PROTOTYPES = YES;
				CLANG_WARN_SUSPICIOUS_MOVE = YES;
				CLANG_WARN_UNGUARDED_AVAILABILITY = YES_AGGRESSIVE;
				CLANG_WARN_UNREACHABLE_CODE = YES;
				CLANG_WARN__DUPLICATE_METHOD_MATCH = YES;
				COPY_PHASE_STRIP = NO;
				DEBUG_INFORMATION_FORMAT = dwarf;
				ENABLE_STRICT_OBJC_MSGSEND = YES;
				ENABLE_TESTABILITY = YES;
				GCC_C_LANGUAGE_STANDARD = gnu11;
				GCC_DYNAMIC_NO_PIC = NO;
				GCC_NO_COMMON_BLOCKS = YES;
				GCC_OPTIMIZATION_LEVEL = 0;
				GCC_PREPROCESSOR_DEFINITIONS = (
					"DEBUG=1",
					"$(inherited)",
				);
				GCC_WARN_64_TO_32_BIT_CONVERSION = YES;
				GCC_WARN_ABOUT_RETURN_TYPE = YES_ERROR;
				GCC_WARN_UNDECLARED_SELECTOR = YES;
				GCC_WARN_UNINITIALIZED_AUTOS = YES_AGGRESSIVE;
				GCC_WARN_UNUSED_FUNCTION = YES;
				GCC_WARN_UNUSED_VARIABLE = YES;
				IPHONEOS_DEPLOYMENT_TARGET = 15.5;
				MTL_ENABLE_DEBUG_INFO = INCLUDE_SOURCE;
				MTL_FAST_MATH = YES;
				ONLY_ACTIVE_ARCH = YES;
				SDKROOT = iphoneos;
				SWIFT_ACTIVE_COMPILATION_CONDITIONS = DEBUG;
				SWIFT_OPTIMIZATION_LEVEL = "-Onone";
			};
			name = Debug;
		};
		F1538CF128F5529E00DF85F5 /* Release */ = {
			isa = XCBuildConfiguration;
			buildSettings = {
				ALWAYS_SEARCH_USER_PATHS = NO;
				CLANG_ANALYZER_NONNULL = YES;
				CLANG_ANALYZER_NUMBER_OBJECT_CONVERSION = YES_AGGRESSIVE;
				CLANG_CXX_LANGUAGE_STANDARD = "gnu++17";
				CLANG_ENABLE_MODULES = YES;
				CLANG_ENABLE_OBJC_ARC = YES;
				CLANG_ENABLE_OBJC_WEAK = YES;
				CLANG_WARN_BLOCK_CAPTURE_AUTORELEASING = YES;
				CLANG_WARN_BOOL_CONVERSION = YES;
				CLANG_WARN_COMMA = YES;
				CLANG_WARN_CONSTANT_CONVERSION = YES;
				CLANG_WARN_DEPRECATED_OBJC_IMPLEMENTATIONS = YES;
				CLANG_WARN_DIRECT_OBJC_ISA_USAGE = YES_ERROR;
				CLANG_WARN_DOCUMENTATION_COMMENTS = YES;
				CLANG_WARN_EMPTY_BODY = YES;
				CLANG_WARN_ENUM_CONVERSION = YES;
				CLANG_WARN_INFINITE_RECURSION = YES;
				CLANG_WARN_INT_CONVERSION = YES;
				CLANG_WARN_NON_LITERAL_NULL_CONVERSION = YES;
				CLANG_WARN_OBJC_IMPLICIT_RETAIN_SELF = YES;
				CLANG_WARN_OBJC_LITERAL_CONVERSION = YES;
				CLANG_WARN_OBJC_ROOT_CLASS = YES_ERROR;
				CLANG_WARN_QUOTED_INCLUDE_IN_FRAMEWORK_HEADER = YES;
				CLANG_WARN_RANGE_LOOP_ANALYSIS = YES;
				CLANG_WARN_STRICT_PROTOTYPES = YES;
				CLANG_WARN_SUSPICIOUS_MOVE = YES;
				CLANG_WARN_UNGUARDED_AVAILABILITY = YES_AGGRESSIVE;
				CLANG_WARN_UNREACHABLE_CODE = YES;
				CLANG_WARN__DUPLICATE_METHOD_MATCH = YES;
				COPY_PHASE_STRIP = NO;
				DEBUG_INFORMATION_FORMAT = "dwarf-with-dsym";
				ENABLE_NS_ASSERTIONS = NO;
				ENABLE_STRICT_OBJC_MSGSEND = YES;
				GCC_C_LANGUAGE_STANDARD = gnu11;
				GCC_NO_COMMON_BLOCKS = YES;
				GCC_WARN_64_TO_32_BIT_CONVERSION = YES;
				GCC_WARN_ABOUT_RETURN_TYPE = YES_ERROR;
				GCC_WARN_UNDECLARED_SELECTOR = YES;
				GCC_WARN_UNINITIALIZED_AUTOS = YES_AGGRESSIVE;
				GCC_WARN_UNUSED_FUNCTION = YES;
				GCC_WARN_UNUSED_VARIABLE = YES;
				IPHONEOS_DEPLOYMENT_TARGET = 15.5;
				MTL_ENABLE_DEBUG_INFO = NO;
				MTL_FAST_MATH = YES;
				SDKROOT = iphoneos;
				SWIFT_COMPILATION_MODE = wholemodule;
				SWIFT_OPTIMIZATION_LEVEL = "-O";
				VALIDATE_PRODUCT = YES;
			};
			name = Release;
		};
		F1538CF328F5529E00DF85F5 /* Debug */ = {
			isa = XCBuildConfiguration;
			buildSettings = {
				ASSETCATALOG_COMPILER_APPICON_NAME = AppIcon;
				ASSETCATALOG_COMPILER_GLOBAL_ACCENT_COLOR_NAME = AccentColor;
				CODE_SIGN_STYLE = Automatic;
				CURRENT_PROJECT_VERSION = 1;
				GENERATE_INFOPLIST_FILE = YES;
				INFOPLIST_FILE = "Vatan-MainScreen-UI/Info.plist";
				INFOPLIST_KEY_UIApplicationSupportsIndirectInputEvents = YES;
				INFOPLIST_KEY_UILaunchStoryboardName = LaunchScreen;
				INFOPLIST_KEY_UISupportedInterfaceOrientations_iPad = "UIInterfaceOrientationPortrait UIInterfaceOrientationPortraitUpsideDown UIInterfaceOrientationLandscapeLeft UIInterfaceOrientationLandscapeRight";
				INFOPLIST_KEY_UISupportedInterfaceOrientations_iPhone = "UIInterfaceOrientationPortrait UIInterfaceOrientationLandscapeLeft UIInterfaceOrientationLandscapeRight";
				LD_RUNPATH_SEARCH_PATHS = (
					"$(inherited)",
					"@executable_path/Frameworks",
				);
				MARKETING_VERSION = 1.0;
				PRODUCT_BUNDLE_IDENTIFIER = "com.burakertas.Vatan-MainScreen-UI";
				PRODUCT_NAME = "$(TARGET_NAME)";
				SWIFT_EMIT_LOC_STRINGS = YES;
				SWIFT_VERSION = 5.0;
				TARGETED_DEVICE_FAMILY = "1,2";
			};
			name = Debug;
		};
		F1538CF428F5529E00DF85F5 /* Release */ = {
			isa = XCBuildConfiguration;
			buildSettings = {
				ASSETCATALOG_COMPILER_APPICON_NAME = AppIcon;
				ASSETCATALOG_COMPILER_GLOBAL_ACCENT_COLOR_NAME = AccentColor;
				CODE_SIGN_STYLE = Automatic;
				CURRENT_PROJECT_VERSION = 1;
				GENERATE_INFOPLIST_FILE = YES;
				INFOPLIST_FILE = "Vatan-MainScreen-UI/Info.plist";
				INFOPLIST_KEY_UIApplicationSupportsIndirectInputEvents = YES;
				INFOPLIST_KEY_UILaunchStoryboardName = LaunchScreen;
				INFOPLIST_KEY_UISupportedInterfaceOrientations_iPad = "UIInterfaceOrientationPortrait UIInterfaceOrientationPortraitUpsideDown UIInterfaceOrientationLandscapeLeft UIInterfaceOrientationLandscapeRight";
				INFOPLIST_KEY_UISupportedInterfaceOrientations_iPhone = "UIInterfaceOrientationPortrait UIInterfaceOrientationLandscapeLeft UIInterfaceOrientationLandscapeRight";
				LD_RUNPATH_SEARCH_PATHS = (
					"$(inherited)",
					"@executable_path/Frameworks",
				);
				MARKETING_VERSION = 1.0;
				PRODUCT_BUNDLE_IDENTIFIER = "com.burakertas.Vatan-MainScreen-UI";
				PRODUCT_NAME = "$(TARGET_NAME)";
				SWIFT_EMIT_LOC_STRINGS = YES;
				SWIFT_VERSION = 5.0;
				TARGETED_DEVICE_FAMILY = "1,2";
			};
			name = Release;
		};
/* End XCBuildConfiguration section */

/* Begin XCConfigurationList section */
		F1538CD928F5529B00DF85F5 /* Build configuration list for PBXProject "Vatan-MainScreen-UI" */ = {
			isa = XCConfigurationList;
			buildConfigurations = (
				F1538CF028F5529E00DF85F5 /* Debug */,
				F1538CF128F5529E00DF85F5 /* Release */,
			);
			defaultConfigurationIsVisible = 0;
			defaultConfigurationName = Release;
		};
		F1538CF228F5529E00DF85F5 /* Build configuration list for PBXNativeTarget "Vatan-MainScreen-UI" */ = {
			isa = XCConfigurationList;
			buildConfigurations = (
				F1538CF328F5529E00DF85F5 /* Debug */,
				F1538CF428F5529E00DF85F5 /* Release */,
			);
			defaultConfigurationIsVisible = 0;
			defaultConfigurationName = Release;
		};
/* End XCConfigurationList section */
	};
	rootObject = F1538CD628F5529B00DF85F5 /* Project object */;
}
